
Microsoft Visual Studio Solution File, Format Version 12.00
# Visual Studio Version 17
VisualStudioVersion = 17.2.32516.85
MinimumVisualStudioVersion = 10.0.40219.1
Project("{FAE04EC0-301F-11D3-BF4B-00C04F79EFBC}") = "TestConsole", "Playground\TestConsole.csproj", "{DBEECFA6-9C0B-4AAF-B95B-C2356EC02778}"
EndProject
Project("{FAE04EC0-301F-11D3-BF4B-00C04F79EFBC}") = "Algorithms", "Algorithms\Algorithms.csproj", "{19894D2A-5137-48F0-A99B-E63B0748AEB6}"
EndProject
Global
	GlobalSection(SolutionConfigurationPlatforms) = preSolution
		Debug|Any CPU = Debug|Any CPU
		Release|Any CPU = Release|Any CPU
	EndGlobalSection
	GlobalSection(ProjectConfigurationPlatforms) = postSolution
		{DBEECFA6-9C0B-4AAF-B95B-C2356EC02778}.Debug|Any CPU.ActiveCfg = Debug|Any CPU
		{DBEECFA6-9C0B-4AAF-B95B-C2356EC02778}.Debug|Any CPU.Build.0 = Debug|Any CPU
		{DBEECFA6-9C0B-4AAF-B95B-C2356EC02778}.Release|Any CPU.ActiveCfg = Release|Any CPU
		{DBEECFA6-9C0B-4AAF-B95B-C2356EC02778}.Release|Any CPU.Build.0 = Release|Any CPU
		{19894D2A-5137-48F0-A99B-E63B0748AEB6}.Debug|Any CPU.ActiveCfg = Debug|Any CPU
		{19894D2A-5137-48F0-A99B-E63B0748AEB6}.Debug|Any CPU.Build.0 = Debug|Any CPU
		{19894D2A-5137-48F0-A99B-E63B0748AEB6}.Release|Any CPU.ActiveCfg = Release|Any CPU
		{19894D2A-5137-48F0-A99B-E63B0748AEB6}.Release|Any CPU.Build.0 = Release|Any CPU
	EndGlobalSection
	GlobalSection(SolutionProperties) = preSolution
		HideSolutionNode = FALSE
	EndGlobalSection
	GlobalSection(ExtensibilityGlobals) = postSolution
		SolutionGuid = {D9014BBE-9522-403C-BCF6-B51DFCD57238}
	EndGlobalSection
EndGlobal
